
Microsoft Visual Studio Solution File, Format Version 12.00
# Visual Studio 15
VisualStudioVersion = 15.0.28307.572
MinimumVisualStudioVersion = 10.0.40219.1
Project("{888888A0-9F3D-457C-B088-3A5042F75D52}") = "HelpPets", "HelpPets.pyproj", "{0F0738D4-D395-43BE-B8DC-E6912BE7515E}"
EndProject
Global
	GlobalSection(SolutionConfigurationPlatforms) = preSolution
		Debug|Any CPU = Debug|Any CPU
		Release|Any CPU = Release|Any CPU
	EndGlobalSection
	GlobalSection(ProjectConfigurationPlatforms) = postSolution
		{0F0738D4-D395-43BE-B8DC-E6912BE7515E}.Debug|Any CPU.ActiveCfg = Debug|Any CPU
		{0F0738D4-D395-43BE-B8DC-E6912BE7515E}.Debug|Any CPU.Build.0 = Debug|Any CPU
		{0F0738D4-D395-43BE-B8DC-E6912BE7515E}.Release|Any CPU.ActiveCfg = Release|Any CPU
		{0F0738D4-D395-43BE-B8DC-E6912BE7515E}.Release|Any CPU.Build.0 = Release|Any CPU
	EndGlobalSection
	GlobalSection(SolutionProperties) = preSolution
		HideSolutionNode = FALSE
	EndGlobalSection
	GlobalSection(ExtensibilityGlobals) = postSolution
		SolutionGuid = {1773E6F5-FB06-47D6-AF28-9F3831E2D1BD}
	EndGlobalSection
EndGlobal
